
Microsoft Visual Studio Solution File, Format Version 12.00
# Visual Studio Version 16
VisualStudioVersion = 16.0.30611.23
MinimumVisualStudioVersion = 10.0.40219.1
Project("{FAE04EC0-301F-11D3-BF4B-00C04F79EFBC}") = "JobPortal", "JobPortal.csproj", "{509223F4-B7EB-48D6-BC3B-512686FCBBBC}"
EndProject
Global
	GlobalSection(SolutionConfigurationPlatforms) = preSolution
		Debug|Any CPU = Debug|Any CPU
		Release|Any CPU = Release|Any CPU
	EndGlobalSection
	GlobalSection(ProjectConfigurationPlatforms) = postSolution
		{509223F4-B7EB-48D6-BC3B-512686FCBBBC}.Debug|Any CPU.ActiveCfg = Debug|Any CPU
		{509223F4-B7EB-48D6-BC3B-512686FCBBBC}.Debug|Any CPU.Build.0 = Debug|Any CPU
		{509223F4-B7EB-48D6-BC3B-512686FCBBBC}.Release|Any CPU.ActiveCfg = Release|Any CPU
		{509223F4-B7EB-48D6-BC3B-512686FCBBBC}.Release|Any CPU.Build.0 = Release|Any CPU
	EndGlobalSection
	GlobalSection(SolutionProperties) = preSolution
		HideSolutionNode = FALSE
	EndGlobalSection
	GlobalSection(ExtensibilityGlobals) = postSolution
		SolutionGuid = {89A5A1A5-7B85-4509-9643-D3783A03ABC8}
	EndGlobalSection
EndGlobal
